
Microsoft Visual Studio Solution File, Format Version 12.00
# Visual Studio Version 17
VisualStudioVersion = 17.6.33717.318
MinimumVisualStudioVersion = 10.0.40219.1
Project("{8BC9CEB8-8B4A-11D0-8D11-00A0C91BC942}") = "OpenGLTest", "OpenGLTest\OpenGLTest.vcxproj", "{E6D4E210-23A0-42EB-BB42-91C17F8EFD35}"
	ProjectSection(ProjectDependencies) = postProject
		{571CDDC6-22AF-4C77-BF95-291FFB774ABD} = {571CDDC6-22AF-4C77-BF95-291FFB774ABD}
	EndProjectSection
EndProject
Project("{8BC9CEB8-8B4A-11D0-8D11-00A0C91BC942}") = "OpenGLLib", "OpenGLLib\OpenGLLib.vcxproj", "{571CDDC6-22AF-4C77-BF95-291FFB774ABD}"
EndProject
Project("{2150E333-8FDC-42A3-9474-1A3956D46DE8}") = "OpenGLLibSamples", "OpenGLLibSamples", "{7D5ECF32-CCC5-4A58-9479-3828D2657127}"
EndProject
Project("{8BC9CEB8-8B4A-11D0-8D11-00A0C91BC942}") = "OpenGLLibSamples", "OpenGLLibSamples\OpenGLTriangle\OpenGLLibSamples.vcxproj", "{AEEA8DB0-9A26-45E9-80C0-39FE6F65C253}"
EndProject
Project("{8BC9CEB8-8B4A-11D0-8D11-00A0C91BC942}") = "OpenGLRotatingCube", "OpenGLLibSamples\OpenGLRotatingCube\RotatingCube.vcxproj", "{C62D9395-A759-4B8C-AEE2-DB7E62EBB141}"
EndProject
Global
	GlobalSection(SolutionConfigurationPlatforms) = preSolution
		Debug|x64 = Debug|x64
		Debug|x86 = Debug|x86
		Release|x64 = Release|x64
		Release|x86 = Release|x86
	EndGlobalSection
	GlobalSection(ProjectConfigurationPlatforms) = postSolution
		{E6D4E210-23A0-42EB-BB42-91C17F8EFD35}.Debug|x64.ActiveCfg = Debug|x64
		{E6D4E210-23A0-42EB-BB42-91C17F8EFD35}.Debug|x64.Build.0 = Debug|x64
		{E6D4E210-23A0-42EB-BB42-91C17F8EFD35}.Debug|x86.ActiveCfg = Debug|Win32
		{E6D4E210-23A0-42EB-BB42-91C17F8EFD35}.Debug|x86.Build.0 = Debug|Win32
		{E6D4E210-23A0-42EB-BB42-91C17F8EFD35}.Release|x64.ActiveCfg = Release|x64
		{E6D4E210-23A0-42EB-BB42-91C17F8EFD35}.Release|x64.Build.0 = Release|x64
		{E6D4E210-23A0-42EB-BB42-91C17F8EFD35}.Release|x86.ActiveCfg = Release|Win32
		{E6D4E210-23A0-42EB-BB42-91C17F8EFD35}.Release|x86.Build.0 = Release|Win32
		{571CDDC6-22AF-4C77-BF95-291FFB774ABD}.Debug|x64.ActiveCfg = Debug|x64
		{571CDDC6-22AF-4C77-BF95-291FFB774ABD}.Debug|x64.Build.0 = Debug|x64
		{571CDDC6-22AF-4C77-BF95-291FFB774ABD}.Debug|x86.ActiveCfg = Debug|Win32
		{571CDDC6-22AF-4C77-BF95-291FFB774ABD}.Debug|x86.Build.0 = Debug|Win32
		{571CDDC6-22AF-4C77-BF95-291FFB774ABD}.Release|x64.ActiveCfg = Release|x64
		{571CDDC6-22AF-4C77-BF95-291FFB774ABD}.Release|x64.Build.0 = Release|x64
		{571CDDC6-22AF-4C77-BF95-291FFB774ABD}.Release|x86.ActiveCfg = Release|Win32
		{571CDDC6-22AF-4C77-BF95-291FFB774ABD}.Release|x86.Build.0 = Release|Win32
		{AEEA8DB0-9A26-45E9-80C0-39FE6F65C253}.Debug|x64.ActiveCfg = Debug|x64
		{AEEA8DB0-9A26-45E9-80C0-39FE6F65C253}.Debug|x64.Build.0 = Debug|x64
		{AEEA8DB0-9A26-45E9-80C0-39FE6F65C253}.Debug|x86.ActiveCfg = Debug|Win32
		{AEEA8DB0-9A26-45E9-80C0-39FE6F65C253}.Debug|x86.Build.0 = Debug|Win32
		{AEEA8DB0-9A26-45E9-80C0-39FE6F65C253}.Release|x64.ActiveCfg = Release|x64
		{AEEA8DB0-9A26-45E9-80C0-39FE6F65C253}.Release|x64.Build.0 = Release|x64
		{AEEA8DB0-9A26-45E9-80C0-39FE6F65C253}.Release|x86.ActiveCfg = Release|Win32
		{AEEA8DB0-9A26-45E9-80C0-39FE6F65C253}.Release|x86.Build.0 = Release|Win32
		{C62D9395-A759-4B8C-AEE2-DB7E62EBB141}.Debug|x64.ActiveCfg = Debug|x64
		{C62D9395-A759-4B8C-AEE2-DB7E62EBB141}.Debug|x64.Build.0 = Debug|x64
		{C62D9395-A759-4B8C-AEE2-DB7E62EBB141}.Debug|x86.ActiveCfg = Debug|Win32
		{C62D9395-A759-4B8C-AEE2-DB7E62EBB141}.Debug|x86.Build.0 = Debug|Win32
		{C62D9395-A759-4B8C-AEE2-DB7E62EBB141}.Release|x64.ActiveCfg = Release|x64
		{C62D9395-A759-4B8C-AEE2-DB7E62EBB141}.Release|x64.Build.0 = Release|x64
		{C62D9395-A759-4B8C-AEE2-DB7E62EBB141}.Release|x86.ActiveCfg = Release|Win32
		{C62D9395-A759-4B8C-AEE2-DB7E62EBB141}.Release|x86.Build.0 = Release|Win32
	EndGlobalSection
	GlobalSection(SolutionProperties) = preSolution
		HideSolutionNode = FALSE
	EndGlobalSection
	GlobalSection(NestedProjects) = preSolution
		{AEEA8DB0-9A26-45E9-80C0-39FE6F65C253} = {7D5ECF32-CCC5-4A58-9479-3828D2657127}
		{C62D9395-A759-4B8C-AEE2-DB7E62EBB141} = {7D5ECF32-CCC5-4A58-9479-3828D2657127}
	EndGlobalSection
	GlobalSection(ExtensibilityGlobals) = postSolution
		SolutionGuid = {1EF38DCE-218A-4781-B2B8-BEDA3E100DF5}
	EndGlobalSection
EndGlobal
