<?xml version="1.0" encoding="utf-8"?>
<Project ToolsVersion="4.0" xmlns="http://schemas.microsoft.com/developer/msbuild/2003">
  <ItemGroup>
    <None Include="packages.config" />
  </ItemGroup>
  <ItemGroup>
    <Filter Include="GLWindowTests">
      <UniqueIdentifier>{91d054e7-aedd-4ea5-8d91-d2a82b3e7b6d}</UniqueIdentifier>
    </Filter>
    <Filter Include="GLEngineTests">
      <UniqueIdentifier>{71cf649f-72b0-487c-a5d9-ff56257b798e}</UniqueIdentifier>
    </Filter>
    <Filter Include="GLShaderTests">
      <UniqueIdentifier>{babd5ae6-8142-4ae0-8e25-6fa525849cd7}</UniqueIdentifier>
    </Filter>
    <Filter Include="GLBufferTests">
      <UniqueIdentifier>{766b8fe5-3769-4412-8b99-a5e9ac46ec0b}</UniqueIdentifier>
    </Filter>
  </ItemGroup>
  <ItemGroup>
    <ClCompile Include="GLEngineTests.cpp">
      <Filter>GLEngineTests</Filter>
    </ClCompile>
    <ClCompile Include="GLWindowTests.cpp">
      <Filter>GLWindowTests</Filter>
    </ClCompile>
    <ClCompile Include="GLShaderTests.cpp">
      <Filter>GLShaderTests</Filter>
    </ClCompile>
    <ClCompile Include="GLBufferTests.cpp">
      <Filter>GLBufferTests</Filter>
    </ClCompile>
  </ItemGroup>
</Project>